# Generated by move; do not edit
# This file should be checked in.

[move]
version = 4

[pinned.devnet.MoveStdlib]
source = { git = "https://github.com/MystenLabs/sui.git", subdir = "crates/sui-framework/packages/move-stdlib", rev = "caeb21b13ef6e26cd8c5e48be520bcf0598d48c3" }
use_environment = "devnet"
manifest_digest = "C4FE4C91DE74CBF223B2E380AE40F592177D21870DC2D7EB6227D2D694E05363"
deps = {}

[pinned.devnet.Sui]
source = { git = "https://github.com/MystenLabs/sui.git", subdir = "crates/sui-framework/packages/sui-framework", rev = "caeb21b13ef6e26cd8c5e48be520bcf0598d48c3" }
use_environment = "devnet"
manifest_digest = "E2EF92175C2575B1EA85274B70A9CFD8DE08662B35A68669746BBE7BAC06C17A"
deps = { MoveStdlib = "MoveStdlib" }

[pinned.devnet.ibt_token]
source = { root = true }
use_environment = "devnet"
manifest_digest = "F3ADA041CE7F9950229C05AF761C83492EE457D92CA4E0AF391D8A7BFD525C01"
deps = { Sui = "Sui" }

[pinned.local.MoveStdlib]
source = { git = "https://github.com/MystenLabs/sui.git", subdir = "crates/sui-framework/packages/move-stdlib", rev = "caeb21b13ef6e26cd8c5e48be520bcf0598d48c3" }
use_environment = "local"
manifest_digest = "C4FE4C91DE74CBF223B2E380AE40F592177D21870DC2D7EB6227D2D694E05363"
deps = {}

[pinned.local.Sui]
source = { git = "https://github.com/MystenLabs/sui.git", subdir = "crates/sui-framework/packages/sui-framework", rev = "caeb21b13ef6e26cd8c5e48be520bcf0598d48c3" }
use_environment = "local"
manifest_digest = "98EF265044695258DF77084171BC5CCC94248AEEC2463AF6274326433A1512BA"
deps = { MoveStdlib = "MoveStdlib" }

[pinned.local.ibt_token]
source = { root = true }
use_environment = "local"
manifest_digest = "D6F24A14508A4EC2AB08F1E7D2C4F06C76A0186CB48CBA015BD6FABE3D8B53CE"
deps = { Sui = "Sui" }
